// !$*UTF8*$!
{
	archiveVersion = 1;
	classes = {
	};
	objectVersion = 50;
	objects = {

/* Begin PBXBuildFile section */
		9775BCE0255F1B98007A9776 /* AppDelegate.swift in Sources */ = {isa = PBXBuildFile; fileRef = 9775BCDF255F1B98007A9776 /* AppDelegate.swift */; };
		9775BCE2255F1B98007A9776 /* SceneDelegate.swift in Sources */ = {isa = PBXBuildFile; fileRef = 9775BCE1255F1B98007A9776 /* SceneDelegate.swift */; };
		9775BCE4255F1B98007A9776 /* ViewController.swift in Sources */ = {isa = PBXBuildFile; fileRef = 9775BCE3255F1B98007A9776 /* ViewController.swift */; };
		9775BCE7255F1B98007A9776 /* Main.storyboard in Resources */ = {isa = PBXBuildFile; fileRef = 9775BCE5255F1B98007A9776 /* Main.storyboard */; };
		9775BCE9255F1B9C007A9776 /* Assets.xcassets in Resources */ = {isa = PBXBuildFile; fileRef = 9775BCE8255F1B9C007A9776 /* Assets.xcassets */; };
		9775BCEC255F1B9C007A9776 /* LaunchScreen.storyboard in Resources */ = {isa = PBXBuildFile; fileRef = 9775BCEA255F1B9C007A9776 /* LaunchScreen.storyboard */; };
		9775BCF7255F1B9C007A9776 /* tipAppTests.swift in Sources */ = {isa = PBXBuildFile; fileRef = 9775BCF6255F1B9C007A9776 /* tipAppTests.swift */; };
		9775BD02255F1B9C007A9776 /* tipAppUITests.swift in Sources */ = {isa = PBXBuildFile; fileRef = 9775BD01255F1B9C007A9776 /* tipAppUITests.swift */; };
/* End PBXBuildFile section */

/* Begin PBXContainerItemProxy section */
		9775BCF3255F1B9C007A9776 /* PBXContainerItemProxy */ = {
			isa = PBXContainerItemProxy;
			containerPortal = 9775BCD4255F1B98007A9776 /* Project object */;
			proxyType = 1;
			remoteGlobalIDString = 9775BCDB255F1B98007A9776;
			remoteInfo = tipApp;
		};
		9775BCFE255F1B9C007A9776 /* PBXContainerItemProxy */ = {
			isa = PBXContainerItemProxy;
			containerPortal = 9775BCD4255F1B98007A9776 /* Project object */;
			proxyType = 1;
			remoteGlobalIDString = 9775BCDB255F1B98007A9776;
			remoteInfo = tipApp;
		};
/* End PBXContainerItemProxy section */

/* Begin PBXFileReference section */
		9775BCDC255F1B98007A9776 /* tipApp.app */ = {isa = PBXFileReference; explicitFileType = wrapper.application; includeInIndex = 0; path = tipApp.app; sourceTree = BUILT_PRODUCTS_DIR; };
		9775BCDF255F1B98007A9776 /* AppDelegate.swift */ = {isa = PBXFileReference; lastKnownFileType = sourcecode.swift; path = AppDelegate.swift; sourceTree = "<group>"; };
		9775BCE1255F1B98007A9776 /* SceneDelegate.swift */ = {isa = PBXFileReference; lastKnownFileType = sourcecode.swift; path = SceneDelegate.swift; sourceTree = "<group>"; };
		9775BCE3255F1B98007A9776 /* ViewController.swift */ = {isa = PBXFileReference; lastKnownFileType = sourcecode.swift; path = ViewController.swift; sourceTree = "<group>"; };
		9775BCE6255F1B98007A9776 /* Base */ = {isa = PBXFileReference; lastKnownFileType = file.storyboard; name = Base; path = Base.lproj/Main.storyboard; sourceTree = "<group>"; };
		9775BCE8255F1B9C007A9776 /* Assets.xcassets */ = {isa = PBXFileReference; lastKnownFileType = folder.assetcatalog; path = Assets.xcassets; sourceTree = "<group>"; };
		9775BCEB255F1B9C007A9776 /* Base */ = {isa = PBXFileReference; lastKnownFileType = file.storyboard; name = Base; path = Base.lproj/LaunchScreen.storyboard; sourceTree = "<group>"; };
		9775BCED255F1B9C007A9776 /* Info.plist */ = {isa = PBXFileReference; lastKnownFileType = text.plist.xml; path = Info.plist; sourceTree = "<group>"; };
		9775BCF2255F1B9C007A9776 /* tipAppTests.xctest */ = {isa = PBXFileReference; explicitFileType = wrapper.cfbundle; includeInIndex = 0; path = tipAppTests.xctest; sourceTree = BUILT_PRODUCTS_DIR; };
		9775BCF6255F1B9C007A9776 /* tipAppTests.swift */ = {isa = PBXFileReference; lastKnownFileType = sourcecode.swift; path = tipAppTests.swift; sourceTree = "<group>"; };
		9775BCF8255F1B9C007A9776 /* Info.plist */ = {isa = PBXFileReference; lastKnownFileType = text.plist.xml; path = Info.plist; sourceTree = "<group>"; };
		9775BCFD255F1B9C007A9776 /* tipAppUITests.xctest */ = {isa = PBXFileReference; explicitFileType = wrapper.cfbundle; includeInIndex = 0; path = tipAppUITests.xctest; sourceTree = BUILT_PRODUCTS_DIR; };
		9775BD01255F1B9C007A9776 /* tipAppUITests.swift */ = {isa = PBXFileReference; lastKnownFileType = sourcecode.swift; path = tipAppUITests.swift; sourceTree = "<group>"; };
		9775BD03255F1B9C007A9776 /* Info.plist */ = {isa = PBXFileReference; lastKnownFileType = text.plist.xml; path = Info.plist; sourceTree = "<group>"; };
/* End PBXFileReference section */

/* Begin PBXFrameworksBuildPhase section */
		9775BCD9255F1B98007A9776 /* Frameworks */ = {
			isa = PBXFrameworksBuildPhase;
			buildActionMask = 2147483647;
			files = (
			);
			runOnlyForDeploymentPostprocessing = 0;
		};
		9775BCEF255F1B9C007A9776 /* Frameworks */ = {
			isa = PBXFrameworksBuildPhase;
			buildActionMask = 2147483647;
			files = (
			);
			runOnlyForDeploymentPostprocessing = 0;
		};
		9775BCFA255F1B9C007A9776 /* Frameworks */ = {
			isa = PBXFrameworksBuildPhase;
			buildActionMask = 2147483647;
			files = (
			);
			runOnlyForDeploymentPostprocessing = 0;
		};
/* End PBXFrameworksBuildPhase section */

/* Begin PBXGroup section */
		9775BCD3255F1B98007A9776 = {
			isa = PBXGroup;
			children = (
				9775BCDE255F1B98007A9776 /* tipApp */,
				9775BCF5255F1B9C007A9776 /* tipAppTests */,
				9775BD00255F1B9C007A9776 /* tipAppUITests */,
				9775BCDD255F1B98007A9776 /* Products */,
			);
			sourceTree = "<group>";
		};
		9775BCDD255F1B98007A9776 /* Products */ = {
			isa = PBXGroup;
			children = (
				9775BCDC255F1B98007A9776 /* tipApp.app */,
				9775BCF2255F1B9C007A9776 /* tipAppTests.xctest */,
				9775BCFD255F1B9C007A9776 /* tipAppUITests.xctest */,
			);
			name = Products;
			sourceTree = "<group>";
		};
		9775BCDE255F1B98007A9776 /* tipApp */ = {
			isa = PBXGroup;
			children = (
				9775BCDF255F1B98007A9776 /* AppDelegate.swift */,
				9775BCE1255F1B98007A9776 /* SceneDelegate.swift */,
				9775BCE3255F1B98007A9776 /* ViewController.swift */,
				9775BCE5255F1B98007A9776 /* Main.storyboard */,
				9775BCE8255F1B9C007A9776 /* Assets.xcassets */,
				9775BCEA255F1B9C007A9776 /* LaunchScreen.storyboard */,
				9775BCED255F1B9C007A9776 /* Info.plist */,
			);
			path = tipApp;
			sourceTree = "<group>";
		};
		9775BCF5255F1B9C007A9776 /* tipAppTests */ = {
			isa = PBXGroup;
			children = (
				9775BCF6255F1B9C007A9776 /* tipAppTests.swift */,
				9775BCF8255F1B9C007A9776 /* Info.plist */,
			);
			path = tipAppTests;
			sourceTree = "<group>";
		};
		9775BD00255F1B9C007A9776 /* tipAppUITests */ = {
			isa = PBXGroup;
			children = (
				9775BD01255F1B9C007A9776 /* tipAppUITests.swift */,
				9775BD03255F1B9C007A9776 /* Info.plist */,
			);
			path = tipAppUITests;
			sourceTree = "<group>";
		};
/* End PBXGroup section */

/* Begin PBXNativeTarget section */
		9775BCDB255F1B98007A9776 /* tipApp */ = {
			isa = PBXNativeTarget;
			buildConfigurationList = 9775BD06255F1B9C007A9776 /* Build configuration list for PBXNativeTarget "tipApp" */;
			buildPhases = (
				9775BCD8255F1B98007A9776 /* Sources */,
				9775BCD9255F1B98007A9776 /* Frameworks */,
				9775BCDA255F1B98007A9776 /* Resources */,
			);
			buildRules = (
			);
			dependencies = (
			);
			name = tipApp;
			productName = tipApp;
			productReference = 9775BCDC255F1B98007A9776 /* tipApp.app */;
			productType = "com.apple.product-type.application";
		};
		9775BCF1255F1B9C007A9776 /* tipAppTests */ = {
			isa = PBXNativeTarget;
			buildConfigurationList = 9775BD09255F1B9C007A9776 /* Build configuration list for PBXNativeTarget "tipAppTests" */;
			buildPhases = (
				9775BCEE255F1B9C007A9776 /* Sources */,
				9775BCEF255F1B9C007A9776 /* Frameworks */,
				9775BCF0255F1B9C007A9776 /* Resources */,
			);
			buildRules = (
			);
			dependencies = (
				9775BCF4255F1B9C007A9776 /* PBXTargetDependency */,
			);
			name = tipAppTests;
			productName = tipAppTests;
			productReference = 9775BCF2255F1B9C007A9776 /* tipAppTests.xctest */;
			productType = "com.apple.product-type.bundle.unit-test";
		};
		9775BCFC255F1B9C007A9776 /* tipAppUITests */ = {
			isa = PBXNativeTarget;
			buildConfigurationList = 9775BD0C255F1B9C007A9776 /* Build configuration list for PBXNativeTarget "tipAppUITests" */;
			buildPhases = (
				9775BCF9255F1B9C007A9776 /* Sources */,
				9775BCFA255F1B9C007A9776 /* Frameworks */,
				9775BCFB255F1B9C007A9776 /* Resources */,
			);
			buildRules = (
			);
			dependencies = (
				9775BCFF255F1B9C007A9776 /* PBXTargetDependency */,
			);
			name = tipAppUITests;
			productName = tipAppUITests;
			productReference = 9775BCFD255F1B9C007A9776 /* tipAppUITests.xctest */;
			productType = "com.apple.product-type.bundle.ui-testing";
		};
/* End PBXNativeTarget section */

/* Begin PBXProject section */
		9775BCD4255F1B98007A9776 /* Project object */ = {
			isa = PBXProject;
			attributes = {
				LastSwiftUpdateCheck = 1220;
				LastUpgradeCheck = 1220;
				TargetAttributes = {
					9775BCDB255F1B98007A9776 = {
						CreatedOnToolsVersion = 12.2;
					};
					9775BCF1255F1B9C007A9776 = {
						CreatedOnToolsVersion = 12.2;
						TestTargetID = 9775BCDB255F1B98007A9776;
					};
					9775BCFC255F1B9C007A9776 = {
						CreatedOnToolsVersion = 12.2;
						TestTargetID = 9775BCDB255F1B98007A9776;
					};
				};
			};
			buildConfigurationList = 9775BCD7255F1B98007A9776 /* Build configuration list for PBXProject "tipApp" */;
			compatibilityVersion = "Xcode 9.3";
			developmentRegion = en;
			hasScannedForEncodings = 0;
			knownRegions = (
				en,
				Base,
			);
			mainGroup = 9775BCD3255F1B98007A9776;
			productRefGroup = 9775BCDD255F1B98007A9776 /* Products */;
			projectDirPath = "";
			projectRoot = "";
			targets = (
				9775BCDB255F1B98007A9776 /* tipApp */,
				9775BCF1255F1B9C007A9776 /* tipAppTests */,
				9775BCFC255F1B9C007A9776 /* tipAppUITests */,
			);
		};
/* End PBXProject section */

/* Begin PBXResourcesBuildPhase section */
		9775BCDA255F1B98007A9776 /* Resources */ = {
			isa = PBXResourcesBuildPhase;
			buildActionMask = 2147483647;
			files = (
				9775BCEC255F1B9C007A9776 /* LaunchScreen.storyboard in Resources */,
				9775BCE9255F1B9C007A9776 /* Assets.xcassets in Resources */,
				9775BCE7255F1B98007A9776 /* Main.storyboard in Resources */,
			);
			runOnlyForDeploymentPostprocessing = 0;
		};
		9775BCF0255F1B9C007A9776 /* Resources */ = {
			isa = PBXResourcesBuildPhase;
			buildActionMask = 2147483647;
			files = (
			);
			runOnlyForDeploymentPostprocessing = 0;
		};
		9775BCFB255F1B9C007A9776 /* Resources */ = {
			isa = PBXResourcesBuildPhase;
			buildActionMask = 2147483647;
			files = (
			);
			runOnlyForDeploymentPostprocessing = 0;
		};
/* End PBXResourcesBuildPhase section */

/* Begin PBXSourcesBuildPhase section */
		9775BCD8255F1B98007A9776 /* Sources */ = {
			isa = PBXSourcesBuildPhase;
			buildActionMask = 2147483647;
			files = (
				9775BCE4255F1B98007A9776 /* ViewController.swift in Sources */,
				9775BCE0255F1B98007A9776 /* AppDelegate.swift in Sources */,
				9775BCE2255F1B98007A9776 /* SceneDelegate.swift in Sources */,
			);
			runOnlyForDeploymentPostprocessing = 0;
		};
		9775BCEE255F1B9C007A9776 /* Sources */ = {
			isa = PBXSourcesBuildPhase;
			buildActionMask = 2147483647;
			files = (
				9775BCF7255F1B9C007A9776 /* tipAppTests.swift in Sources */,
			);
			runOnlyForDeploymentPostprocessing = 0;
		};
		9775BCF9255F1B9C007A9776 /* Sources */ = {
			isa = PBXSourcesBuildPhase;
			buildActionMask = 2147483647;
			files = (
				9775BD02255F1B9C007A9776 /* tipAppUITests.swift in Sources */,
			);
			runOnlyForDeploymentPostprocessing = 0;
		};
/* End PBXSourcesBuildPhase section */

/* Begin PBXTargetDependency section */
		9775BCF4255F1B9C007A9776 /* PBXTargetDependency */ = {
			isa = PBXTargetDependency;
			target = 9775BCDB255F1B98007A9776 /* tipApp */;
			targetProxy = 9775BCF3255F1B9C007A9776 /* PBXContainerItemProxy */;
		};
		9775BCFF255F1B9C007A9776 /* PBXTargetDependency */ = {
			isa = PBXTargetDependency;
			target = 9775BCDB255F1B98007A9776 /* tipApp */;
			targetProxy = 9775BCFE255F1B9C007A9776 /* PBXContainerItemProxy */;
		};
/* End PBXTargetDependency section */

/* Begin PBXVariantGroup section */
		9775BCE5255F1B98007A9776 /* Main.storyboard */ = {
			isa = PBXVariantGroup;
			children = (
				9775BCE6255F1B98007A9776 /* Base */,
			);
			name = Main.storyboard;
			sourceTree = "<group>";
		};
		9775BCEA255F1B9C007A9776 /* LaunchScreen.storyboard */ = {
			isa = PBXVariantGroup;
			children = (
				9775BCEB255F1B9C007A9776 /* Base */,
			);
			name = LaunchScreen.storyboard;
			sourceTree = "<group>";
		};
/* End PBXVariantGroup section */

/* Begin XCBuildConfiguration section */
		9775BD04255F1B9C007A9776 /* Debug */ = {
			isa = XCBuildConfiguration;
			buildSettings = {
				ALWAYS_SEARCH_USER_PATHS = NO;
				CLANG_ANALYZER_NONNULL = YES;
				CLANG_ANALYZER_NUMBER_OBJECT_CONVERSION = YES_AGGRESSIVE;
				CLANG_CXX_LANGUAGE_STANDARD = "gnu++14";
				CLANG_CXX_LIBRARY = "libc++";
				CLANG_ENABLE_MODULES = YES;
				CLANG_ENABLE_OBJC_ARC = YES;
				CLANG_ENABLE_OBJC_WEAK = YES;
				CLANG_WARN_BLOCK_CAPTURE_AUTORELEASING = YES;
				CLANG_WARN_BOOL_CONVERSION = YES;
				CLANG_WARN_COMMA = YES;
				CLANG_WARN_CONSTANT_CONVERSION = YES;
				CLANG_WARN_DEPRECATED_OBJC_IMPLEMENTATIONS = YES;
				CLANG_WARN_DIRECT_OBJC_ISA_USAGE = YES_ERROR;
				CLANG_WARN_DOCUMENTATION_COMMENTS = YES;
				CLANG_WARN_EMPTY_BODY = YES;
				CLANG_WARN_ENUM_CONVERSION = YES;
				CLANG_WARN_INFINITE_RECURSION = YES;
				CLANG_WARN_INT_CONVERSION = YES;
				CLANG_WARN_NON_LITERAL_NULL_CONVERSION = YES;
				CLANG_WARN_OBJC_IMPLICIT_RETAIN_SELF = YES;
				CLANG_WARN_OBJC_LITERAL_CONVERSION = YES;
				CLANG_WARN_OBJC_ROOT_CLASS = YES_ERROR;
				CLANG_WARN_QUOTED_INCLUDE_IN_FRAMEWORK_HEADER = YES;
				CLANG_WARN_RANGE_LOOP_ANALYSIS = YES;
				CLANG_WARN_STRICT_PROTOTYPES = YES;
				CLANG_WARN_SUSPICIOUS_MOVE = YES;
				CLANG_WARN_UNGUARDED_AVAILABILITY = YES_AGGRESSIVE;
				CLANG_WARN_UNREACHABLE_CODE = YES;
				CLANG_WARN__DUPLICATE_METHOD_MATCH = YES;
				COPY_PHASE_STRIP = NO;
				DEBUG_INFORMATION_FORMAT = dwarf;
				ENABLE_STRICT_OBJC_MSGSEND = YES;
				ENABLE_TESTABILITY = YES;
				GCC_C_LANGUAGE_STANDARD = gnu11;
				GCC_DYNAMIC_NO_PIC = NO;
				GCC_NO_COMMON_BLOCKS = YES;
				GCC_OPTIMIZATION_LEVEL = 0;
				GCC_PREPROCESSOR_DEFINITIONS = (
					"DEBUG=1",
					"$(inherited)",
				);
				GCC_WARN_64_TO_32_BIT_CONVERSION = YES;
				GCC_WARN_ABOUT_RETURN_TYPE = YES_ERROR;
				GCC_WARN_UNDECLARED_SELECTOR = YES;
				GCC_WARN_UNINITIALIZED_AUTOS = YES_AGGRESSIVE;
				GCC_WARN_UNUSED_FUNCTION = YES;
				GCC_WARN_UNUSED_VARIABLE = YES;
				IPHONEOS_DEPLOYMENT_TARGET = 14.2;
				MTL_ENABLE_DEBUG_INFO = INCLUDE_SOURCE;
				MTL_FAST_MATH = YES;
				ONLY_ACTIVE_ARCH = YES;
				SDKROOT = iphoneos;
				SWIFT_ACTIVE_COMPILATION_CONDITIONS = DEBUG;
				SWIFT_OPTIMIZATION_LEVEL = "-Onone";
			};
			name = Debug;
		};
		9775BD05255F1B9C007A9776 /* Release */ = {
			isa = XCBuildConfiguration;
			buildSettings = {
				ALWAYS_SEARCH_USER_PATHS = NO;
				CLANG_ANALYZER_NONNULL = YES;
				CLANG_ANALYZER_NUMBER_OBJECT_CONVERSION = YES_AGGRESSIVE;
				CLANG_CXX_LANGUAGE_STANDARD = "gnu++14";
				CLANG_CXX_LIBRARY = "libc++";
				CLANG_ENABLE_MODULES = YES;
				CLANG_ENABLE_OBJC_ARC = YES;
				CLANG_ENABLE_OBJC_WEAK = YES;
				CLANG_WARN_BLOCK_CAPTURE_AUTORELEASING = YES;
				CLANG_WARN_BOOL_CONVERSION = YES;
				CLANG_WARN_COMMA = YES;
				CLANG_WARN_CONSTANT_CONVERSION = YES;
				CLANG_WARN_DEPRECATED_OBJC_IMPLEMENTATIONS = YES;
				CLANG_WARN_DIRECT_OBJC_ISA_USAGE = YES_ERROR;
				CLANG_WARN_DOCUMENTATION_COMMENTS = YES;
				CLANG_WARN_EMPTY_BODY = YES;
				CLANG_WARN_ENUM_CONVERSION = YES;
				CLANG_WARN_INFINITE_RECURSION = YES;
				CLANG_WARN_INT_CONVERSION = YES;
				CLANG_WARN_NON_LITERAL_NULL_CONVERSION = YES;
				CLANG_WARN_OBJC_IMPLICIT_RETAIN_SELF = YES;
				CLANG_WARN_OBJC_LITERAL_CONVERSION = YES;
				CLANG_WARN_OBJC_ROOT_CLASS = YES_ERROR;
				CLANG_WARN_QUOTED_INCLUDE_IN_FRAMEWORK_HEADER = YES;
				CLANG_WARN_RANGE_LOOP_ANALYSIS = YES;
				CLANG_WARN_STRICT_PROTOTYPES = YES;
				CLANG_WARN_SUSPICIOUS_MOVE = YES;
				CLANG_WARN_UNGUARDED_AVAILABILITY = YES_AGGRESSIVE;
				CLANG_WARN_UNREACHABLE_CODE = YES;
				CLANG_WARN__DUPLICATE_METHOD_MATCH = YES;
				COPY_PHASE_STRIP = NO;
				DEBUG_INFORMATION_FORMAT = "dwarf-with-dsym";
				ENABLE_NS_ASSERTIONS = NO;
				ENABLE_STRICT_OBJC_MSGSEND = YES;
				GCC_C_LANGUAGE_STANDARD = gnu11;
				GCC_NO_COMMON_BLOCKS = YES;
				GCC_WARN_64_TO_32_BIT_CONVERSION = YES;
				GCC_WARN_ABOUT_RETURN_TYPE = YES_ERROR;
				GCC_WARN_UNDECLARED_SELECTOR = YES;
				GCC_WARN_UNINITIALIZED_AUTOS = YES_AGGRESSIVE;
				GCC_WARN_UNUSED_FUNCTION = YES;
				GCC_WARN_UNUSED_VARIABLE = YES;
				IPHONEOS_DEPLOYMENT_TARGET = 14.2;
				MTL_ENABLE_DEBUG_INFO = NO;
				MTL_FAST_MATH = YES;
				SDKROOT = iphoneos;
				SWIFT_COMPILATION_MODE = wholemodule;
				SWIFT_OPTIMIZATION_LEVEL = "-O";
				VALIDATE_PRODUCT = YES;
			};
			name = Release;
		};
		9775BD07255F1B9C007A9776 /* Debug */ = {
			isa = XCBuildConfiguration;
			buildSettings = {
				ASSETCATALOG_COMPILER_APPICON_NAME = AppIcon;
				ASSETCATALOG_COMPILER_GLOBAL_ACCENT_COLOR_NAME = AccentColor;
				CODE_SIGN_STYLE = Automatic;
				DEVELOPMENT_TEAM = 262XHZVX75;
				INFOPLIST_FILE = tipApp/Info.plist;
				LD_RUNPATH_SEARCH_PATHS = (
					"$(inherited)",
					"@executable_path/Frameworks",
				);
				PRODUCT_BUNDLE_IDENTIFIER = codepath.tipApp;
				PRODUCT_NAME = "$(TARGET_NAME)";
				SWIFT_VERSION = 5.0;
				TARGETED_DEVICE_FAMILY = "1,2";
			};
			name = Debug;
		};
		9775BD08255F1B9C007A9776 /* Release */ = {
			isa = XCBuildConfiguration;
			buildSettings = {
				ASSETCATALOG_COMPILER_APPICON_NAME = AppIcon;
				ASSETCATALOG_COMPILER_GLOBAL_ACCENT_COLOR_NAME = AccentColor;
				CODE_SIGN_STYLE = Automatic;
				DEVELOPMENT_TEAM = 262XHZVX75;
				INFOPLIST_FILE = tipApp/Info.plist;
				LD_RUNPATH_SEARCH_PATHS = (
					"$(inherited)",
					"@executable_path/Frameworks",
				);
				PRODUCT_BUNDLE_IDENTIFIER = codepath.tipApp;
				PRODUCT_NAME = "$(TARGET_NAME)";
				SWIFT_VERSION = 5.0;
				TARGETED_DEVICE_FAMILY = "1,2";
			};
			name = Release;
		};
		9775BD0A255F1B9C007A9776 /* Debug */ = {
			isa = XCBuildConfiguration;
			buildSettings = {
				ALWAYS_EMBED_SWIFT_STANDARD_LIBRARIES = YES;
				BUNDLE_LOADER = "$(TEST_HOST)";
				CODE_SIGN_STYLE = Automatic;
				DEVELOPMENT_TEAM = 262XHZVX75;
				INFOPLIST_FILE = tipAppTests/Info.plist;
				IPHONEOS_DEPLOYMENT_TARGET = 14.2;
				LD_RUNPATH_SEARCH_PATHS = (
					"$(inherited)",
					"@executable_path/Frameworks",
					"@loader_path/Frameworks",
				);
				PRODUCT_BUNDLE_IDENTIFIER = codepath.tipAppTests;
				PRODUCT_NAME = "$(TARGET_NAME)";
				SWIFT_VERSION = 5.0;
				TARGETED_DEVICE_FAMILY = "1,2";
				TEST_HOST = "$(BUILT_PRODUCTS_DIR)/tipApp.app/tipApp";
			};
			name = Debug;
		};
		9775BD0B255F1B9C007A9776 /* Release */ = {
			isa = XCBuildConfiguration;
			buildSettings = {
				ALWAYS_EMBED_SWIFT_STANDARD_LIBRARIES = YES;
				BUNDLE_LOADER = "$(TEST_HOST)";
				CODE_SIGN_STYLE = Automatic;
				DEVELOPMENT_TEAM = 262XHZVX75;
				INFOPLIST_FILE = tipAppTests/Info.plist;
				IPHONEOS_DEPLOYMENT_TARGET = 14.2;
				LD_RUNPATH_SEARCH_PATHS = (
					"$(inherited)",
					"@executable_path/Frameworks",
					"@loader_path/Frameworks",
				);
				PRODUCT_BUNDLE_IDENTIFIER = codepath.tipAppTests;
				PRODUCT_NAME = "$(TARGET_NAME)";
				SWIFT_VERSION = 5.0;
				TARGETED_DEVICE_FAMILY = "1,2";
				TEST_HOST = "$(BUILT_PRODUCTS_DIR)/tipApp.app/tipApp";
			};
			name = Release;
		};
		9775BD0D255F1B9C007A9776 /* Debug */ = {
			isa = XCBuildConfiguration;
			buildSettings = {
				ALWAYS_EMBED_SWIFT_STANDARD_LIBRARIES = YES;
				CODE_SIGN_STYLE = Automatic;
				DEVELOPMENT_TEAM = 262XHZVX75;
				INFOPLIST_FILE = tipAppUITests/Info.plist;
				LD_RUNPATH_SEARCH_PATHS = (
					"$(inherited)",
					"@executable_path/Frameworks",
					"@loader_path/Frameworks",
				);
				PRODUCT_BUNDLE_IDENTIFIER = codepath.tipAppUITests;
				PRODUCT_NAME = "$(TARGET_NAME)";
				SWIFT_VERSION = 5.0;
				TARGETED_DEVICE_FAMILY = "1,2";
				TEST_TARGET_NAME = tipApp;
			};
			name = Debug;
		};
		9775BD0E255F1B9C007A9776 /* Release */ = {
			isa = XCBuildConfiguration;
			buildSettings = {
				ALWAYS_EMBED_SWIFT_STANDARD_LIBRARIES = YES;
				CODE_SIGN_STYLE = Automatic;
				DEVELOPMENT_TEAM = 262XHZVX75;
				INFOPLIST_FILE = tipAppUITests/Info.plist;
				LD_RUNPATH_SEARCH_PATHS = (
					"$(inherited)",
					"@executable_path/Frameworks",
					"@loader_path/Frameworks",
				);
				PRODUCT_BUNDLE_IDENTIFIER = codepath.tipAppUITests;
				PRODUCT_NAME = "$(TARGET_NAME)";
				SWIFT_VERSION = 5.0;
				TARGETED_DEVICE_FAMILY = "1,2";
				TEST_TARGET_NAME = tipApp;
			};
			name = Release;
		};
/* End XCBuildConfiguration section */

/* Begin XCConfigurationList section */
		9775BCD7255F1B98007A9776 /* Build configuration list for PBXProject "tipApp" */ = {
			isa = XCConfigurationList;
			buildConfigurations = (
				9775BD04255F1B9C007A9776 /* Debug */,
				9775BD05255F1B9C007A9776 /* Release */,
			);
			defaultConfigurationIsVisible = 0;
			defaultConfigurationName = Release;
		};
		9775BD06255F1B9C007A9776 /* Build configuration list for PBXNativeTarget "tipApp" */ = {
			isa = XCConfigurationList;
			buildConfigurations = (
				9775BD07255F1B9C007A9776 /* Debug */,
				9775BD08255F1B9C007A9776 /* Release */,
			);
			defaultConfigurationIsVisible = 0;
			defaultConfigurationName = Release;
		};
		9775BD09255F1B9C007A9776 /* Build configuration list for PBXNativeTarget "tipAppTests" */ = {
			isa = XCConfigurationList;
			buildConfigurations = (
				9775BD0A255F1B9C007A9776 /* Debug */,
				9775BD0B255F1B9C007A9776 /* Release */,
			);
			defaultConfigurationIsVisible = 0;
			defaultConfigurationName = Release;
		};
		9775BD0C255F1B9C007A9776 /* Build configuration list for PBXNativeTarget "tipAppUITests" */ = {
			isa = XCConfigurationList;
			buildConfigurations = (
				9775BD0D255F1B9C007A9776 /* Debug */,
				9775BD0E255F1B9C007A9776 /* Release */,
			);
			defaultConfigurationIsVisible = 0;
			defaultConfigurationName = Release;
		};
/* End XCConfigurationList section */
	};
	rootObject = 9775BCD4255F1B98007A9776 /* Project object */;
}
